
Microsoft Visual Studio Solution File, Format Version 12.00
Project("{FAE04EC0-301F-11D3-BF4B-00C04F79EFBC}") = "Lab17", "Lab17\Lab17.csproj", "{876B91B7-4A6F-41AF-9ECA-5401AE37FEE3}"
EndProject
Project("{FAE04EC0-301F-11D3-BF4B-00C04F79EFBC}") = "Lab17_2", "Lab17_2\Lab17_2.csproj", "{70E0DFD6-3B44-423F-8B21-D44330592F39}"
EndProject
Project("{FAE04EC0-301F-11D3-BF4B-00C04F79EFBC}") = "Lab17_3", "Lab17_3\Lab17_3.csproj", "{8E1232E0-9714-4873-BA81-C57F12C93B18}"
EndProject
Global
	GlobalSection(SolutionConfigurationPlatforms) = preSolution
		Debug|Any CPU = Debug|Any CPU
		Release|Any CPU = Release|Any CPU
	EndGlobalSection
	GlobalSection(ProjectConfigurationPlatforms) = postSolution
		{876B91B7-4A6F-41AF-9ECA-5401AE37FEE3}.Debug|Any CPU.ActiveCfg = Debug|Any CPU
		{876B91B7-4A6F-41AF-9ECA-5401AE37FEE3}.Debug|Any CPU.Build.0 = Debug|Any CPU
		{876B91B7-4A6F-41AF-9ECA-5401AE37FEE3}.Release|Any CPU.ActiveCfg = Release|Any CPU
		{876B91B7-4A6F-41AF-9ECA-5401AE37FEE3}.Release|Any CPU.Build.0 = Release|Any CPU
		{70E0DFD6-3B44-423F-8B21-D44330592F39}.Debug|Any CPU.ActiveCfg = Debug|Any CPU
		{70E0DFD6-3B44-423F-8B21-D44330592F39}.Debug|Any CPU.Build.0 = Debug|Any CPU
		{70E0DFD6-3B44-423F-8B21-D44330592F39}.Release|Any CPU.ActiveCfg = Release|Any CPU
		{70E0DFD6-3B44-423F-8B21-D44330592F39}.Release|Any CPU.Build.0 = Release|Any CPU
		{8E1232E0-9714-4873-BA81-C57F12C93B18}.Debug|Any CPU.ActiveCfg = Debug|Any CPU
		{8E1232E0-9714-4873-BA81-C57F12C93B18}.Debug|Any CPU.Build.0 = Debug|Any CPU
		{8E1232E0-9714-4873-BA81-C57F12C93B18}.Release|Any CPU.ActiveCfg = Release|Any CPU
		{8E1232E0-9714-4873-BA81-C57F12C93B18}.Release|Any CPU.Build.0 = Release|Any CPU
	EndGlobalSection
EndGlobal
